
Microsoft Visual Studio Solution File, Format Version 10.00
# Visual Studio 2008
Project("{FAE04EC0-301F-11D3-BF4B-00C04F79EFBC}") = "ShaderSense", "ShaderSense\ShaderSense.csproj", "{EB8E12ED-BD89-4758-A368-D114A10499F1}"
EndProject
Project("{FAE04EC0-301F-11D3-BF4B-00C04F79EFBC}") = "ShaderSense_UnitTestProject", "ShaderSense\ShaderSense_UnitTestProject\ShaderSense_UnitTestProject.csproj", "{16CB346A-0FB3-408C-BA3E-403D99E50079}"
EndProject
Project("{2150E333-8FDC-42A3-9474-1A3956D46DE8}") = "Solution Items", "Solution Items", "{A8D4721E-5709-43CA-84DF-C459EA89C281}"
	ProjectSection(SolutionItems) = preProject
		ShaderSense.vsmdi = ShaderSense.vsmdi
		UnitTests.testrunconfig = UnitTests.testrunconfig
	EndProjectSection
EndProject
Global
	GlobalSection(TestCaseManagementSettings) = postSolution
		CategoryFile = ShaderSense.vsmdi
	EndGlobalSection
	GlobalSection(SolutionConfigurationPlatforms) = preSolution
		Debug|Any CPU = Debug|Any CPU
		Release|Any CPU = Release|Any CPU
	EndGlobalSection
	GlobalSection(ProjectConfigurationPlatforms) = postSolution
		{EB8E12ED-BD89-4758-A368-D114A10499F1}.Debug|Any CPU.ActiveCfg = Debug|Any CPU
		{EB8E12ED-BD89-4758-A368-D114A10499F1}.Debug|Any CPU.Build.0 = Debug|Any CPU
		{EB8E12ED-BD89-4758-A368-D114A10499F1}.Release|Any CPU.ActiveCfg = Release|Any CPU
		{EB8E12ED-BD89-4758-A368-D114A10499F1}.Release|Any CPU.Build.0 = Release|Any CPU
		{16CB346A-0FB3-408C-BA3E-403D99E50079}.Debug|Any CPU.ActiveCfg = Debug|Any CPU
		{16CB346A-0FB3-408C-BA3E-403D99E50079}.Debug|Any CPU.Build.0 = Debug|Any CPU
		{16CB346A-0FB3-408C-BA3E-403D99E50079}.Release|Any CPU.ActiveCfg = Release|Any CPU
		{16CB346A-0FB3-408C-BA3E-403D99E50079}.Release|Any CPU.Build.0 = Release|Any CPU
	EndGlobalSection
	GlobalSection(SolutionProperties) = preSolution
		HideSolutionNode = FALSE
	EndGlobalSection
EndGlobal
